
Microsoft Visual Studio Solution File, Format Version 12.00
# Visual Studio 15
VisualStudioVersion = 15.0.27428.2005
MinimumVisualStudioVersion = 10.0.40219.1
Project("{9A19103F-16F7-4668-BE54-9A1E7A4F7556}") = "Descriptio.Transform", "Descriptio.Transform\Descriptio.Transform.csproj", "{F787039F-05DF-4FF8-A55C-869B96FFFF78}"
EndProject
Project("{9A19103F-16F7-4668-BE54-9A1E7A4F7556}") = "Descriptio.Core", "Descriptio.Core\Descriptio.Core.csproj", "{ECC377E9-DECA-41DC-B0A0-8D84EC13AEEB}"
EndProject
Project("{2150E333-8FDC-42A3-9474-1A3956D46DE8}") = "Tests", "Tests", "{5652668B-3C03-4FC7-B6A6-F5303525DFD3}"
EndProject
Project("{9A19103F-16F7-4668-BE54-9A1E7A4F7556}") = "Descriptio.Tests.IntegrationTests", "Tests\Descriptio.Tests.IntegrationTests\Descriptio.Tests.IntegrationTests.csproj", "{9A941ECF-D407-4FBA-A6E0-4410398B48D0}"
EndProject
Project("{9A19103F-16F7-4668-BE54-9A1E7A4F7556}") = "Descriptio.Tests.UnitTests", "Tests\Descriptio.Tests.UnitTests\Descriptio.Tests.UnitTests.csproj", "{3BB04557-CC69-43D0-9996-97DA28FED844}"
EndProject
Project("{6EC3EE1D-3C4E-46DD-8F32-0CC8E7565705}") = "Descriptio.Parser", "Descriptio.Parser\Descriptio.Parser.fsproj", "{250F578F-7D51-41B4-91DD-0B3F4C9BA4AB}"
EndProject
Project("{2150E333-8FDC-42A3-9474-1A3956D46DE8}") = "Solution Items", "Solution Items", "{D00123AD-430D-44F8-A2DE-7E65FEF76ADD}"
	ProjectSection(SolutionItems) = preProject
		..\LICENSE = ..\LICENSE
		..\README.md = ..\README.md
	EndProjectSection
EndProject
Global
	GlobalSection(SolutionConfigurationPlatforms) = preSolution
		Debug|Any CPU = Debug|Any CPU
		Release|Any CPU = Release|Any CPU
	EndGlobalSection
	GlobalSection(ProjectConfigurationPlatforms) = postSolution
		{F787039F-05DF-4FF8-A55C-869B96FFFF78}.Debug|Any CPU.ActiveCfg = Debug|Any CPU
		{F787039F-05DF-4FF8-A55C-869B96FFFF78}.Debug|Any CPU.Build.0 = Debug|Any CPU
		{F787039F-05DF-4FF8-A55C-869B96FFFF78}.Release|Any CPU.ActiveCfg = Release|Any CPU
		{F787039F-05DF-4FF8-A55C-869B96FFFF78}.Release|Any CPU.Build.0 = Release|Any CPU
		{ECC377E9-DECA-41DC-B0A0-8D84EC13AEEB}.Debug|Any CPU.ActiveCfg = Debug|Any CPU
		{ECC377E9-DECA-41DC-B0A0-8D84EC13AEEB}.Debug|Any CPU.Build.0 = Debug|Any CPU
		{ECC377E9-DECA-41DC-B0A0-8D84EC13AEEB}.Release|Any CPU.ActiveCfg = Release|Any CPU
		{ECC377E9-DECA-41DC-B0A0-8D84EC13AEEB}.Release|Any CPU.Build.0 = Release|Any CPU
		{9A941ECF-D407-4FBA-A6E0-4410398B48D0}.Debug|Any CPU.ActiveCfg = Debug|Any CPU
		{9A941ECF-D407-4FBA-A6E0-4410398B48D0}.Debug|Any CPU.Build.0 = Debug|Any CPU
		{9A941ECF-D407-4FBA-A6E0-4410398B48D0}.Release|Any CPU.ActiveCfg = Release|Any CPU
		{9A941ECF-D407-4FBA-A6E0-4410398B48D0}.Release|Any CPU.Build.0 = Release|Any CPU
		{3BB04557-CC69-43D0-9996-97DA28FED844}.Debug|Any CPU.ActiveCfg = Debug|Any CPU
		{3BB04557-CC69-43D0-9996-97DA28FED844}.Debug|Any CPU.Build.0 = Debug|Any CPU
		{3BB04557-CC69-43D0-9996-97DA28FED844}.Release|Any CPU.ActiveCfg = Release|Any CPU
		{3BB04557-CC69-43D0-9996-97DA28FED844}.Release|Any CPU.Build.0 = Release|Any CPU
		{250F578F-7D51-41B4-91DD-0B3F4C9BA4AB}.Debug|Any CPU.ActiveCfg = Debug|Any CPU
		{250F578F-7D51-41B4-91DD-0B3F4C9BA4AB}.Debug|Any CPU.Build.0 = Debug|Any CPU
		{250F578F-7D51-41B4-91DD-0B3F4C9BA4AB}.Release|Any CPU.ActiveCfg = Release|Any CPU
		{250F578F-7D51-41B4-91DD-0B3F4C9BA4AB}.Release|Any CPU.Build.0 = Release|Any CPU
	EndGlobalSection
	GlobalSection(SolutionProperties) = preSolution
		HideSolutionNode = FALSE
	EndGlobalSection
	GlobalSection(NestedProjects) = preSolution
		{9A941ECF-D407-4FBA-A6E0-4410398B48D0} = {5652668B-3C03-4FC7-B6A6-F5303525DFD3}
		{3BB04557-CC69-43D0-9996-97DA28FED844} = {5652668B-3C03-4FC7-B6A6-F5303525DFD3}
	EndGlobalSection
	GlobalSection(ExtensibilityGlobals) = postSolution
		SolutionGuid = {8916436E-78B0-461C-9881-31B05CA3C0F4}
	EndGlobalSection
EndGlobal
